{
  "name": "eventstore-demo",
  "version": "1.0.0",
  "lockfileVersion": 1,
  "requires": true,
  "dependencies": {
    "@scriptabuild/eventstore": {
      "version": "1.1.0",
      "resolved": "https://registry.npmjs.org/@scriptabuild/eventstore/-/eventstore-1.1.0.tgz",
      "integrity": "sha512-NH9bEr45WT/12x553nTlHlZu8seqF7Pv1OIJfQDdb2kcv4nfdSu9StAmIs1SFM6PRr647UpW2DdXo/APHkQ8Dw=="
    }
  }
}
