{
  "name": "@eventstore/eventstore-demo",
  "version": "1.2.1",
  "lockfileVersion": 1,
  "requires": true,
  "dependencies": {
    "@scriptabuild/awaitable": {
      "version": "1.0.1",
      "resolved": "https://registry.npmjs.org/@scriptabuild/awaitable/-/awaitable-1.0.1.tgz",
      "integrity": "sha512-LVkHkOeZFgVK5F24IZTqp0IAXmV9CIFohksvE/4G1Znh5Gy2MflzxT6KtO0fOCiiBdMYnYxoMq6eiTc1DakZTg=="
    },
    "@scriptabuild/eventstore": {
      "version": "1.2.4",
      "resolved": "https://registry.npmjs.org/@scriptabuild/eventstore/-/eventstore-1.2.4.tgz",
      "integrity": "sha512-SaKEAMAc8bYO9L1DzRv5i2dLLn+cxt7PEBFiTfnBFJ28KoPOncPf2BCPX9KAX7Z6VTGnYAN3brK1+uoHxj+Spg==",
      "requires": {
        "@scriptabuild/awaitable": "1.0.1",
        "@scriptabuild/readonlyproxy": "1.0.0"
      }
    },
    "@scriptabuild/eventstore-tools": {
      "version": "0.0.2",
      "resolved": "https://registry.npmjs.org/@scriptabuild/eventstore-tools/-/eventstore-tools-0.0.2.tgz",
      "integrity": "sha512-nGve+PqMG7iSj45iEp4stRZ4Y8w3p2LIdIoM7gyIHYDnbRtqTlFlos59FtwN2a6NFTDYycrqUuOrjSqt68Vumw==",
      "requires": {
        "@scriptabuild/readonlyproxy": "1.0.0"
      }
    },
    "@scriptabuild/readonlyproxy": {
      "version": "1.0.0",
      "resolved": "https://registry.npmjs.org/@scriptabuild/readonlyproxy/-/readonlyproxy-1.0.0.tgz",
      "integrity": "sha512-2btIsPdX4CluOhn5BxR9ARGbr1mh/XKUy3RuRqFrYgSRDp/3VV6hd5SUkQKnRMW7NW7TJjknoG3YIpMDFXcesw=="
    }
  }
}
