{
  "name": "@eventstore/eventstore-demo",
  "version": "1.2.0",
  "lockfileVersion": 1,
  "requires": true,
  "dependencies": {
    "@scriptabuild/awaitable": {
      "version": "1.0.1",
      "resolved": "https://registry.npmjs.org/@scriptabuild/awaitable/-/awaitable-1.0.1.tgz",
      "integrity": "sha512-LVkHkOeZFgVK5F24IZTqp0IAXmV9CIFohksvE/4G1Znh5Gy2MflzxT6KtO0fOCiiBdMYnYxoMq6eiTc1DakZTg=="
    },
    "@scriptabuild/eventstore": {
      "version": "1.2.1",
      "resolved": "https://registry.npmjs.org/@scriptabuild/eventstore/-/eventstore-1.2.1.tgz",
      "integrity": "sha512-ujWq5bsQhOCISIKz/QnUf8vRPHKLihAAwsnjNMrFq60yLwrYumrLDpyIepZj8g2NEG0j5XIdpbc8C9q+X0uIFA==",
      "requires": {
        "@scriptabuild/awaitable": "1.0.1",
        "@scriptabuild/readonlyproxy": "1.0.0"
      }
    },
    "@scriptabuild/readonlyproxy": {
      "version": "1.0.0",
      "resolved": "https://registry.npmjs.org/@scriptabuild/readonlyproxy/-/readonlyproxy-1.0.0.tgz",
      "integrity": "sha512-2btIsPdX4CluOhn5BxR9ARGbr1mh/XKUy3RuRqFrYgSRDp/3VV6hd5SUkQKnRMW7NW7TJjknoG3YIpMDFXcesw=="
    }
  }
}
